
Microsoft Visual Studio Solution File, Format Version 12.00
# Visual Studio 15
VisualStudioVersion = 15.0.27004.2005
MinimumVisualStudioVersion = 10.0.40219.1
Project("{FAE04EC0-301F-11D3-BF4B-00C04F79EFBC}") = "DAL", "DAL\DAL.csproj", "{4E00AFAE-6ED5-41E7-BF44-BFAB63F1CDF7}"
EndProject
Project("{FAE04EC0-301F-11D3-BF4B-00C04F79EFBC}") = "DataService", "DataService\DataService.csproj", "{F67152AC-FED1-48E9-8335-2D9033AE1582}"
EndProject
Project("{FAE04EC0-301F-11D3-BF4B-00C04F79EFBC}") = "TestConsolClient", "TestConsolClient\TestConsolClient.csproj", "{3C6F1129-83A7-419F-9F47-9D4E31EC505E}"
	ProjectSection(ProjectDependencies) = postProject
		{F67152AC-FED1-48E9-8335-2D9033AE1582} = {F67152AC-FED1-48E9-8335-2D9033AE1582}
	EndProjectSection
EndProject
Project("{FAE04EC0-301F-11D3-BF4B-00C04F79EFBC}") = "Client", "Client\Client.csproj", "{24CD4A1E-055D-4705-B1DA-7A48824BCA99}"
	ProjectSection(ProjectDependencies) = postProject
		{F67152AC-FED1-48E9-8335-2D9033AE1582} = {F67152AC-FED1-48E9-8335-2D9033AE1582}
	EndProjectSection
EndProject
Global
	GlobalSection(SolutionConfigurationPlatforms) = preSolution
		Debug|Any CPU = Debug|Any CPU
		Release|Any CPU = Release|Any CPU
	EndGlobalSection
	GlobalSection(ProjectConfigurationPlatforms) = postSolution
		{4E00AFAE-6ED5-41E7-BF44-BFAB63F1CDF7}.Debug|Any CPU.ActiveCfg = Debug|Any CPU
		{4E00AFAE-6ED5-41E7-BF44-BFAB63F1CDF7}.Debug|Any CPU.Build.0 = Debug|Any CPU
		{4E00AFAE-6ED5-41E7-BF44-BFAB63F1CDF7}.Release|Any CPU.ActiveCfg = Release|Any CPU
		{4E00AFAE-6ED5-41E7-BF44-BFAB63F1CDF7}.Release|Any CPU.Build.0 = Release|Any CPU
		{F67152AC-FED1-48E9-8335-2D9033AE1582}.Debug|Any CPU.ActiveCfg = Debug|Any CPU
		{F67152AC-FED1-48E9-8335-2D9033AE1582}.Debug|Any CPU.Build.0 = Debug|Any CPU
		{F67152AC-FED1-48E9-8335-2D9033AE1582}.Release|Any CPU.ActiveCfg = Release|Any CPU
		{F67152AC-FED1-48E9-8335-2D9033AE1582}.Release|Any CPU.Build.0 = Release|Any CPU
		{3C6F1129-83A7-419F-9F47-9D4E31EC505E}.Debug|Any CPU.ActiveCfg = Debug|Any CPU
		{3C6F1129-83A7-419F-9F47-9D4E31EC505E}.Debug|Any CPU.Build.0 = Debug|Any CPU
		{3C6F1129-83A7-419F-9F47-9D4E31EC505E}.Release|Any CPU.ActiveCfg = Release|Any CPU
		{3C6F1129-83A7-419F-9F47-9D4E31EC505E}.Release|Any CPU.Build.0 = Release|Any CPU
		{24CD4A1E-055D-4705-B1DA-7A48824BCA99}.Debug|Any CPU.ActiveCfg = Debug|Any CPU
		{24CD4A1E-055D-4705-B1DA-7A48824BCA99}.Debug|Any CPU.Build.0 = Debug|Any CPU
		{24CD4A1E-055D-4705-B1DA-7A48824BCA99}.Release|Any CPU.ActiveCfg = Release|Any CPU
		{24CD4A1E-055D-4705-B1DA-7A48824BCA99}.Release|Any CPU.Build.0 = Release|Any CPU
	EndGlobalSection
	GlobalSection(SolutionProperties) = preSolution
		HideSolutionNode = FALSE
	EndGlobalSection
	GlobalSection(ExtensibilityGlobals) = postSolution
		SolutionGuid = {598EE8A5-60F4-4770-9350-C7ED9BF22C95}
	EndGlobalSection
EndGlobal
