
Microsoft Visual Studio Solution File, Format Version 12.00
# Visual Studio 15
VisualStudioVersion = 15.0.27130.2027
MinimumVisualStudioVersion = 10.0.40219.1
Project("{FAE04EC0-301F-11D3-BF4B-00C04F79EFBC}") = "DataService", "DataService\DataService.csproj", "{F67152AC-FED1-48E9-8335-2D9033AE1582}"
EndProject
Project("{FAE04EC0-301F-11D3-BF4B-00C04F79EFBC}") = "TestConsolClient", "TestConsolClient\TestConsolClient.csproj", "{3C6F1129-83A7-419F-9F47-9D4E31EC505E}"
	ProjectSection(ProjectDependencies) = postProject
		{050FDF11-D946-47C7-8185-81B1AEB5FE3D} = {050FDF11-D946-47C7-8185-81B1AEB5FE3D}
		{F67152AC-FED1-48E9-8335-2D9033AE1582} = {F67152AC-FED1-48E9-8335-2D9033AE1582}
	EndProjectSection
EndProject
Project("{FAE04EC0-301F-11D3-BF4B-00C04F79EFBC}") = "Client", "Client\Client.csproj", "{24CD4A1E-055D-4705-B1DA-7A48824BCA99}"
	ProjectSection(ProjectDependencies) = postProject
		{050FDF11-D946-47C7-8185-81B1AEB5FE3D} = {050FDF11-D946-47C7-8185-81B1AEB5FE3D}
		{F67152AC-FED1-48E9-8335-2D9033AE1582} = {F67152AC-FED1-48E9-8335-2D9033AE1582}
	EndProjectSection
EndProject
Project("{FAE04EC0-301F-11D3-BF4B-00C04F79EFBC}") = "UnitTestProject", "UnitTestProject\UnitTestProject.csproj", "{327FCC70-7375-4E18-BD3B-54787D4208C5}"
	ProjectSection(ProjectDependencies) = postProject
		{F67152AC-FED1-48E9-8335-2D9033AE1582} = {F67152AC-FED1-48E9-8335-2D9033AE1582}
	EndProjectSection
EndProject
Project("{FAE04EC0-301F-11D3-BF4B-00C04F79EFBC}") = "AzureService", "AzureService\AzureService.csproj", "{6FF52750-EB2B-4D9A-B062-5730C289E5E8}"
EndProject
Project("{FAE04EC0-301F-11D3-BF4B-00C04F79EFBC}") = "LocalService", "LocalService\LocalService.csproj", "{050FDF11-D946-47C7-8185-81B1AEB5FE3D}"
EndProject
Global
	GlobalSection(SolutionConfigurationPlatforms) = preSolution
		Debug|Any CPU = Debug|Any CPU
		Release|Any CPU = Release|Any CPU
	EndGlobalSection
	GlobalSection(ProjectConfigurationPlatforms) = postSolution
		{F67152AC-FED1-48E9-8335-2D9033AE1582}.Debug|Any CPU.ActiveCfg = Debug|Any CPU
		{F67152AC-FED1-48E9-8335-2D9033AE1582}.Debug|Any CPU.Build.0 = Debug|Any CPU
		{F67152AC-FED1-48E9-8335-2D9033AE1582}.Release|Any CPU.ActiveCfg = Release|Any CPU
		{F67152AC-FED1-48E9-8335-2D9033AE1582}.Release|Any CPU.Build.0 = Release|Any CPU
		{3C6F1129-83A7-419F-9F47-9D4E31EC505E}.Debug|Any CPU.ActiveCfg = Debug|Any CPU
		{3C6F1129-83A7-419F-9F47-9D4E31EC505E}.Debug|Any CPU.Build.0 = Debug|Any CPU
		{3C6F1129-83A7-419F-9F47-9D4E31EC505E}.Release|Any CPU.ActiveCfg = Release|Any CPU
		{3C6F1129-83A7-419F-9F47-9D4E31EC505E}.Release|Any CPU.Build.0 = Release|Any CPU
		{24CD4A1E-055D-4705-B1DA-7A48824BCA99}.Debug|Any CPU.ActiveCfg = Debug|Any CPU
		{24CD4A1E-055D-4705-B1DA-7A48824BCA99}.Debug|Any CPU.Build.0 = Debug|Any CPU
		{24CD4A1E-055D-4705-B1DA-7A48824BCA99}.Release|Any CPU.ActiveCfg = Release|Any CPU
		{24CD4A1E-055D-4705-B1DA-7A48824BCA99}.Release|Any CPU.Build.0 = Release|Any CPU
		{327FCC70-7375-4E18-BD3B-54787D4208C5}.Debug|Any CPU.ActiveCfg = Debug|Any CPU
		{327FCC70-7375-4E18-BD3B-54787D4208C5}.Debug|Any CPU.Build.0 = Debug|Any CPU
		{327FCC70-7375-4E18-BD3B-54787D4208C5}.Release|Any CPU.ActiveCfg = Release|Any CPU
		{327FCC70-7375-4E18-BD3B-54787D4208C5}.Release|Any CPU.Build.0 = Release|Any CPU
		{6FF52750-EB2B-4D9A-B062-5730C289E5E8}.Debug|Any CPU.ActiveCfg = Debug|Any CPU
		{6FF52750-EB2B-4D9A-B062-5730C289E5E8}.Debug|Any CPU.Build.0 = Debug|Any CPU
		{6FF52750-EB2B-4D9A-B062-5730C289E5E8}.Release|Any CPU.ActiveCfg = Release|Any CPU
		{6FF52750-EB2B-4D9A-B062-5730C289E5E8}.Release|Any CPU.Build.0 = Release|Any CPU
		{050FDF11-D946-47C7-8185-81B1AEB5FE3D}.Debug|Any CPU.ActiveCfg = Debug|Any CPU
		{050FDF11-D946-47C7-8185-81B1AEB5FE3D}.Debug|Any CPU.Build.0 = Debug|Any CPU
		{050FDF11-D946-47C7-8185-81B1AEB5FE3D}.Release|Any CPU.ActiveCfg = Release|Any CPU
		{050FDF11-D946-47C7-8185-81B1AEB5FE3D}.Release|Any CPU.Build.0 = Release|Any CPU
	EndGlobalSection
	GlobalSection(SolutionProperties) = preSolution
		HideSolutionNode = FALSE
	EndGlobalSection
	GlobalSection(ExtensibilityGlobals) = postSolution
		SolutionGuid = {598EE8A5-60F4-4770-9350-C7ED9BF22C95}
	EndGlobalSection
EndGlobal
